// !$*UTF8*$!
{
	archiveVersion = 1;
	classes = {
	};
	objectVersion = 50;
	objects = {

/* Begin PBXBuildFile section */
		278ABEBB2C46591100B8D4E6 /* AppDelegate.swift in Sources */ = {isa = PBXBuildFile; fileRef = 278ABEBA2C46591100B8D4E6 /* AppDelegate.swift */; };
		278ABEBD2C46591100B8D4E6 /* SceneDelegate.swift in Sources */ = {isa = PBXBuildFile; fileRef = 278ABEBC2C46591100B8D4E6 /* SceneDelegate.swift */; };
		278ABEBF2C46591100B8D4E6 /* ViewController.swift in Sources */ = {isa = PBXBuildFile; fileRef = 278ABEBE2C46591100B8D4E6 /* ViewController.swift */; };
		278ABEC22C46591100B8D4E6 /* Main.storyboard in Resources */ = {isa = PBXBuildFile; fileRef = 278ABEC02C46591100B8D4E6 /* Main.storyboard */; };
		278ABEC42C46591300B8D4E6 /* Assets.xcassets in Resources */ = {isa = PBXBuildFile; fileRef = 278ABEC32C46591300B8D4E6 /* Assets.xcassets */; };
		278ABEC72C46591300B8D4E6 /* LaunchScreen.storyboard in Resources */ = {isa = PBXBuildFile; fileRef = 278ABEC52C46591300B8D4E6 /* LaunchScreen.storyboard */; };
		278ABED22C46591400B8D4E6 /* TestingTests.swift in Sources */ = {isa = PBXBuildFile; fileRef = 278ABED12C46591400B8D4E6 /* TestingTests.swift */; };
		278ABEDD2C46591400B8D4E6 /* TestingUITests.swift in Sources */ = {isa = PBXBuildFile; fileRef = 278ABEDC2C46591400B8D4E6 /* TestingUITests.swift */; };
/* End PBXBuildFile section */

/* Begin PBXContainerItemProxy section */
		278ABECE2C46591400B8D4E6 /* PBXContainerItemProxy */ = {
			isa = PBXContainerItemProxy;
			containerPortal = 278ABEAF2C46591100B8D4E6 /* Project object */;
			proxyType = 1;
			remoteGlobalIDString = 278ABEB62C46591100B8D4E6;
			remoteInfo = Testing;
		};
		278ABED92C46591400B8D4E6 /* PBXContainerItemProxy */ = {
			isa = PBXContainerItemProxy;
			containerPortal = 278ABEAF2C46591100B8D4E6 /* Project object */;
			proxyType = 1;
			remoteGlobalIDString = 278ABEB62C46591100B8D4E6;
			remoteInfo = Testing;
		};
/* End PBXContainerItemProxy section */

/* Begin PBXFileReference section */
		278ABEB72C46591100B8D4E6 /* Testing.app */ = {isa = PBXFileReference; explicitFileType = wrapper.application; includeInIndex = 0; path = Testing.app; sourceTree = BUILT_PRODUCTS_DIR; };
		278ABEBA2C46591100B8D4E6 /* AppDelegate.swift */ = {isa = PBXFileReference; lastKnownFileType = sourcecode.swift; path = AppDelegate.swift; sourceTree = "<group>"; };
		278ABEBC2C46591100B8D4E6 /* SceneDelegate.swift */ = {isa = PBXFileReference; lastKnownFileType = sourcecode.swift; path = SceneDelegate.swift; sourceTree = "<group>"; };
		278ABEBE2C46591100B8D4E6 /* ViewController.swift */ = {isa = PBXFileReference; lastKnownFileType = sourcecode.swift; path = ViewController.swift; sourceTree = "<group>"; };
		278ABEC12C46591100B8D4E6 /* Base */ = {isa = PBXFileReference; lastKnownFileType = file.storyboard; name = Base; path = Base.lproj/Main.storyboard; sourceTree = "<group>"; };
		278ABEC32C46591300B8D4E6 /* Assets.xcassets */ = {isa = PBXFileReference; lastKnownFileType = folder.assetcatalog; path = Assets.xcassets; sourceTree = "<group>"; };
		278ABEC62C46591300B8D4E6 /* Base */ = {isa = PBXFileReference; lastKnownFileType = file.storyboard; name = Base; path = Base.lproj/LaunchScreen.storyboard; sourceTree = "<group>"; };
		278ABEC82C46591300B8D4E6 /* Info.plist */ = {isa = PBXFileReference; lastKnownFileType = text.plist.xml; path = Info.plist; sourceTree = "<group>"; };
		278ABECD2C46591400B8D4E6 /* TestingTests.xctest */ = {isa = PBXFileReference; explicitFileType = wrapper.cfbundle; includeInIndex = 0; path = TestingTests.xctest; sourceTree = BUILT_PRODUCTS_DIR; };
		278ABED12C46591400B8D4E6 /* TestingTests.swift */ = {isa = PBXFileReference; lastKnownFileType = sourcecode.swift; path = TestingTests.swift; sourceTree = "<group>"; };
		278ABED32C46591400B8D4E6 /* Info.plist */ = {isa = PBXFileReference; lastKnownFileType = text.plist.xml; path = Info.plist; sourceTree = "<group>"; };
		278ABED82C46591400B8D4E6 /* TestingUITests.xctest */ = {isa = PBXFileReference; explicitFileType = wrapper.cfbundle; includeInIndex = 0; path = TestingUITests.xctest; sourceTree = BUILT_PRODUCTS_DIR; };
		278ABEDC2C46591400B8D4E6 /* TestingUITests.swift */ = {isa = PBXFileReference; lastKnownFileType = sourcecode.swift; path = TestingUITests.swift; sourceTree = "<group>"; };
		278ABEDE2C46591400B8D4E6 /* Info.plist */ = {isa = PBXFileReference; lastKnownFileType = text.plist.xml; path = Info.plist; sourceTree = "<group>"; };
/* End PBXFileReference section */

/* Begin PBXFrameworksBuildPhase section */
		278ABEB42C46591100B8D4E6 /* Frameworks */ = {
			isa = PBXFrameworksBuildPhase;
			buildActionMask = 2147483647;
			files = (
			);
			runOnlyForDeploymentPostprocessing = 0;
		};
		278ABECA2C46591400B8D4E6 /* Frameworks */ = {
			isa = PBXFrameworksBuildPhase;
			buildActionMask = 2147483647;
			files = (
			);
			runOnlyForDeploymentPostprocessing = 0;
		};
		278ABED52C46591400B8D4E6 /* Frameworks */ = {
			isa = PBXFrameworksBuildPhase;
			buildActionMask = 2147483647;
			files = (
			);
			runOnlyForDeploymentPostprocessing = 0;
		};
/* End PBXFrameworksBuildPhase section */

/* Begin PBXGroup section */
		278ABEAE2C46591100B8D4E6 = {
			isa = PBXGroup;
			children = (
				278ABEB92C46591100B8D4E6 /* Testing */,
				278ABED02C46591400B8D4E6 /* TestingTests */,
				278ABEDB2C46591400B8D4E6 /* TestingUITests */,
				278ABEB82C46591100B8D4E6 /* Products */,
			);
			sourceTree = "<group>";
		};
		278ABEB82C46591100B8D4E6 /* Products */ = {
			isa = PBXGroup;
			children = (
				278ABEB72C46591100B8D4E6 /* Testing.app */,
				278ABECD2C46591400B8D4E6 /* TestingTests.xctest */,
				278ABED82C46591400B8D4E6 /* TestingUITests.xctest */,
			);
			name = Products;
			sourceTree = "<group>";
		};
		278ABEB92C46591100B8D4E6 /* Testing */ = {
			isa = PBXGroup;
			children = (
				278ABEBA2C46591100B8D4E6 /* AppDelegate.swift */,
				278ABEBC2C46591100B8D4E6 /* SceneDelegate.swift */,
				278ABEBE2C46591100B8D4E6 /* ViewController.swift */,
				278ABEC02C46591100B8D4E6 /* Main.storyboard */,
				278ABEC32C46591300B8D4E6 /* Assets.xcassets */,
				278ABEC52C46591300B8D4E6 /* LaunchScreen.storyboard */,
				278ABEC82C46591300B8D4E6 /* Info.plist */,
			);
			path = Testing;
			sourceTree = "<group>";
		};
		278ABED02C46591400B8D4E6 /* TestingTests */ = {
			isa = PBXGroup;
			children = (
				278ABED12C46591400B8D4E6 /* TestingTests.swift */,
				278ABED32C46591400B8D4E6 /* Info.plist */,
			);
			path = TestingTests;
			sourceTree = "<group>";
		};
		278ABEDB2C46591400B8D4E6 /* TestingUITests */ = {
			isa = PBXGroup;
			children = (
				278ABEDC2C46591400B8D4E6 /* TestingUITests.swift */,
				278ABEDE2C46591400B8D4E6 /* Info.plist */,
			);
			path = TestingUITests;
			sourceTree = "<group>";
		};
/* End PBXGroup section */

/* Begin PBXNativeTarget section */
		278ABEB62C46591100B8D4E6 /* Testing */ = {
			isa = PBXNativeTarget;
			buildConfigurationList = 278ABEE12C46591400B8D4E6 /* Build configuration list for PBXNativeTarget "Testing" */;
			buildPhases = (
				278ABEB32C46591100B8D4E6 /* Sources */,
				278ABEB42C46591100B8D4E6 /* Frameworks */,
				278ABEB52C46591100B8D4E6 /* Resources */,
			);
			buildRules = (
			);
			dependencies = (
			);
			name = Testing;
			productName = Testing;
			productReference = 278ABEB72C46591100B8D4E6 /* Testing.app */;
			productType = "com.apple.product-type.application";
		};
		278ABECC2C46591400B8D4E6 /* TestingTests */ = {
			isa = PBXNativeTarget;
			buildConfigurationList = 278ABEE42C46591400B8D4E6 /* Build configuration list for PBXNativeTarget "TestingTests" */;
			buildPhases = (
				278ABEC92C46591400B8D4E6 /* Sources */,
				278ABECA2C46591400B8D4E6 /* Frameworks */,
				278ABECB2C46591400B8D4E6 /* Resources */,
			);
			buildRules = (
			);
			dependencies = (
				278ABECF2C46591400B8D4E6 /* PBXTargetDependency */,
			);
			name = TestingTests;
			productName = TestingTests;
			productReference = 278ABECD2C46591400B8D4E6 /* TestingTests.xctest */;
			productType = "com.apple.product-type.bundle.unit-test";
		};
		278ABED72C46591400B8D4E6 /* TestingUITests */ = {
			isa = PBXNativeTarget;
			buildConfigurationList = 278ABEE72C46591400B8D4E6 /* Build configuration list for PBXNativeTarget "TestingUITests" */;
			buildPhases = (
				278ABED42C46591400B8D4E6 /* Sources */,
				278ABED52C46591400B8D4E6 /* Frameworks */,
				278ABED62C46591400B8D4E6 /* Resources */,
			);
			buildRules = (
			);
			dependencies = (
				278ABEDA2C46591400B8D4E6 /* PBXTargetDependency */,
			);
			name = TestingUITests;
			productName = TestingUITests;
			productReference = 278ABED82C46591400B8D4E6 /* TestingUITests.xctest */;
			productType = "com.apple.product-type.bundle.ui-testing";
		};
/* End PBXNativeTarget section */

/* Begin PBXProject section */
		278ABEAF2C46591100B8D4E6 /* Project object */ = {
			isa = PBXProject;
			attributes = {
				LastSwiftUpdateCheck = 1200;
				LastUpgradeCheck = 1200;
				TargetAttributes = {
					278ABEB62C46591100B8D4E6 = {
						CreatedOnToolsVersion = 12.0;
					};
					278ABECC2C46591400B8D4E6 = {
						CreatedOnToolsVersion = 12.0;
						TestTargetID = 278ABEB62C46591100B8D4E6;
					};
					278ABED72C46591400B8D4E6 = {
						CreatedOnToolsVersion = 12.0;
						TestTargetID = 278ABEB62C46591100B8D4E6;
					};
				};
			};
			buildConfigurationList = 278ABEB22C46591100B8D4E6 /* Build configuration list for PBXProject "Testing" */;
			compatibilityVersion = "Xcode 9.3";
			developmentRegion = en;
			hasScannedForEncodings = 0;
			knownRegions = (
				en,
				Base,
			);
			mainGroup = 278ABEAE2C46591100B8D4E6;
			productRefGroup = 278ABEB82C46591100B8D4E6 /* Products */;
			projectDirPath = "";
			projectRoot = "";
			targets = (
				278ABEB62C46591100B8D4E6 /* Testing */,
				278ABECC2C46591400B8D4E6 /* TestingTests */,
				278ABED72C46591400B8D4E6 /* TestingUITests */,
			);
		};
/* End PBXProject section */

/* Begin PBXResourcesBuildPhase section */
		278ABEB52C46591100B8D4E6 /* Resources */ = {
			isa = PBXResourcesBuildPhase;
			buildActionMask = 2147483647;
			files = (
				278ABEC72C46591300B8D4E6 /* LaunchScreen.storyboard in Resources */,
				278ABEC42C46591300B8D4E6 /* Assets.xcassets in Resources */,
				278ABEC22C46591100B8D4E6 /* Main.storyboard in Resources */,
			);
			runOnlyForDeploymentPostprocessing = 0;
		};
		278ABECB2C46591400B8D4E6 /* Resources */ = {
			isa = PBXResourcesBuildPhase;
			buildActionMask = 2147483647;
			files = (
			);
			runOnlyForDeploymentPostprocessing = 0;
		};
		278ABED62C46591400B8D4E6 /* Resources */ = {
			isa = PBXResourcesBuildPhase;
			buildActionMask = 2147483647;
			files = (
			);
			runOnlyForDeploymentPostprocessing = 0;
		};
/* End PBXResourcesBuildPhase section */

/* Begin PBXSourcesBuildPhase section */
		278ABEB32C46591100B8D4E6 /* Sources */ = {
			isa = PBXSourcesBuildPhase;
			buildActionMask = 2147483647;
			files = (
				278ABEBF2C46591100B8D4E6 /* ViewController.swift in Sources */,
				278ABEBB2C46591100B8D4E6 /* AppDelegate.swift in Sources */,
				278ABEBD2C46591100B8D4E6 /* SceneDelegate.swift in Sources */,
			);
			runOnlyForDeploymentPostprocessing = 0;
		};
		278ABEC92C46591400B8D4E6 /* Sources */ = {
			isa = PBXSourcesBuildPhase;
			buildActionMask = 2147483647;
			files = (
				278ABED22C46591400B8D4E6 /* TestingTests.swift in Sources */,
			);
			runOnlyForDeploymentPostprocessing = 0;
		};
		278ABED42C46591400B8D4E6 /* Sources */ = {
			isa = PBXSourcesBuildPhase;
			buildActionMask = 2147483647;
			files = (
				278ABEDD2C46591400B8D4E6 /* TestingUITests.swift in Sources */,
			);
			runOnlyForDeploymentPostprocessing = 0;
		};
/* End PBXSourcesBuildPhase section */

/* Begin PBXTargetDependency section */
		278ABECF2C46591400B8D4E6 /* PBXTargetDependency */ = {
			isa = PBXTargetDependency;
			target = 278ABEB62C46591100B8D4E6 /* Testing */;
			targetProxy = 278ABECE2C46591400B8D4E6 /* PBXContainerItemProxy */;
		};
		278ABEDA2C46591400B8D4E6 /* PBXTargetDependency */ = {
			isa = PBXTargetDependency;
			target = 278ABEB62C46591100B8D4E6 /* Testing */;
			targetProxy = 278ABED92C46591400B8D4E6 /* PBXContainerItemProxy */;
		};
/* End PBXTargetDependency section */

/* Begin PBXVariantGroup section */
		278ABEC02C46591100B8D4E6 /* Main.storyboard */ = {
			isa = PBXVariantGroup;
			children = (
				278ABEC12C46591100B8D4E6 /* Base */,
			);
			name = Main.storyboard;
			sourceTree = "<group>";
		};
		278ABEC52C46591300B8D4E6 /* LaunchScreen.storyboard */ = {
			isa = PBXVariantGroup;
			children = (
				278ABEC62C46591300B8D4E6 /* Base */,
			);
			name = LaunchScreen.storyboard;
			sourceTree = "<group>";
		};
/* End PBXVariantGroup section */

/* Begin XCBuildConfiguration section */
		278ABEDF2C46591400B8D4E6 /* Debug */ = {
			isa = XCBuildConfiguration;
			buildSettings = {
				ALWAYS_SEARCH_USER_PATHS = NO;
				CLANG_ANALYZER_NONNULL = YES;
				CLANG_ANALYZER_NUMBER_OBJECT_CONVERSION = YES_AGGRESSIVE;
				CLANG_CXX_LANGUAGE_STANDARD = "gnu++14";
				CLANG_CXX_LIBRARY = "libc++";
				CLANG_ENABLE_MODULES = YES;
				CLANG_ENABLE_OBJC_ARC = YES;
				CLANG_ENABLE_OBJC_WEAK = YES;
				CLANG_WARN_BLOCK_CAPTURE_AUTORELEASING = YES;
				CLANG_WARN_BOOL_CONVERSION = YES;
				CLANG_WARN_COMMA = YES;
				CLANG_WARN_CONSTANT_CONVERSION = YES;
				CLANG_WARN_DEPRECATED_OBJC_IMPLEMENTATIONS = YES;
				CLANG_WARN_DIRECT_OBJC_ISA_USAGE = YES_ERROR;
				CLANG_WARN_DOCUMENTATION_COMMENTS = YES;
				CLANG_WARN_EMPTY_BODY = YES;
				CLANG_WARN_ENUM_CONVERSION = YES;
				CLANG_WARN_INFINITE_RECURSION = YES;
				CLANG_WARN_INT_CONVERSION = YES;
				CLANG_WARN_NON_LITERAL_NULL_CONVERSION = YES;
				CLANG_WARN_OBJC_IMPLICIT_RETAIN_SELF = YES;
				CLANG_WARN_OBJC_LITERAL_CONVERSION = YES;
				CLANG_WARN_OBJC_ROOT_CLASS = YES_ERROR;
				CLANG_WARN_QUOTED_INCLUDE_IN_FRAMEWORK_HEADER = YES;
				CLANG_WARN_RANGE_LOOP_ANALYSIS = YES;
				CLANG_WARN_STRICT_PROTOTYPES = YES;
				CLANG_WARN_SUSPICIOUS_MOVE = YES;
				CLANG_WARN_UNGUARDED_AVAILABILITY = YES_AGGRESSIVE;
				CLANG_WARN_UNREACHABLE_CODE = YES;
				CLANG_WARN__DUPLICATE_METHOD_MATCH = YES;
				COPY_PHASE_STRIP = NO;
				DEBUG_INFORMATION_FORMAT = dwarf;
				ENABLE_STRICT_OBJC_MSGSEND = YES;
				ENABLE_TESTABILITY = YES;
				GCC_C_LANGUAGE_STANDARD = gnu11;
				GCC_DYNAMIC_NO_PIC = NO;
				GCC_NO_COMMON_BLOCKS = YES;
				GCC_OPTIMIZATION_LEVEL = 0;
				GCC_PREPROCESSOR_DEFINITIONS = (
					"DEBUG=1",
					"$(inherited)",
				);
				GCC_WARN_64_TO_32_BIT_CONVERSION = YES;
				GCC_WARN_ABOUT_RETURN_TYPE = YES_ERROR;
				GCC_WARN_UNDECLARED_SELECTOR = YES;
				GCC_WARN_UNINITIALIZED_AUTOS = YES_AGGRESSIVE;
				GCC_WARN_UNUSED_FUNCTION = YES;
				GCC_WARN_UNUSED_VARIABLE = YES;
				IPHONEOS_DEPLOYMENT_TARGET = 14.0;
				MTL_ENABLE_DEBUG_INFO = INCLUDE_SOURCE;
				MTL_FAST_MATH = YES;
				ONLY_ACTIVE_ARCH = YES;
				SDKROOT = iphoneos;
				SWIFT_ACTIVE_COMPILATION_CONDITIONS = DEBUG;
				SWIFT_OPTIMIZATION_LEVEL = "-Onone";
			};
			name = Debug;
		};
		278ABEE02C46591400B8D4E6 /* Release */ = {
			isa = XCBuildConfiguration;
			buildSettings = {
				ALWAYS_SEARCH_USER_PATHS = NO;
				CLANG_ANALYZER_NONNULL = YES;
				CLANG_ANALYZER_NUMBER_OBJECT_CONVERSION = YES_AGGRESSIVE;
				CLANG_CXX_LANGUAGE_STANDARD = "gnu++14";
				CLANG_CXX_LIBRARY = "libc++";
				CLANG_ENABLE_MODULES = YES;
				CLANG_ENABLE_OBJC_ARC = YES;
				CLANG_ENABLE_OBJC_WEAK = YES;
				CLANG_WARN_BLOCK_CAPTURE_AUTORELEASING = YES;
				CLANG_WARN_BOOL_CONVERSION = YES;
				CLANG_WARN_COMMA = YES;
				CLANG_WARN_CONSTANT_CONVERSION = YES;
				CLANG_WARN_DEPRECATED_OBJC_IMPLEMENTATIONS = YES;
				CLANG_WARN_DIRECT_OBJC_ISA_USAGE = YES_ERROR;
				CLANG_WARN_DOCUMENTATION_COMMENTS = YES;
				CLANG_WARN_EMPTY_BODY = YES;
				CLANG_WARN_ENUM_CONVERSION = YES;
				CLANG_WARN_INFINITE_RECURSION = YES;
				CLANG_WARN_INT_CONVERSION = YES;
				CLANG_WARN_NON_LITERAL_NULL_CONVERSION = YES;
				CLANG_WARN_OBJC_IMPLICIT_RETAIN_SELF = YES;
				CLANG_WARN_OBJC_LITERAL_CONVERSION = YES;
				CLANG_WARN_OBJC_ROOT_CLASS = YES_ERROR;
				CLANG_WARN_QUOTED_INCLUDE_IN_FRAMEWORK_HEADER = YES;
				CLANG_WARN_RANGE_LOOP_ANALYSIS = YES;
				CLANG_WARN_STRICT_PROTOTYPES = YES;
				CLANG_WARN_SUSPICIOUS_MOVE = YES;
				CLANG_WARN_UNGUARDED_AVAILABILITY = YES_AGGRESSIVE;
				CLANG_WARN_UNREACHABLE_CODE = YES;
				CLANG_WARN__DUPLICATE_METHOD_MATCH = YES;
				COPY_PHASE_STRIP = NO;
				DEBUG_INFORMATION_FORMAT = "dwarf-with-dsym";
				ENABLE_NS_ASSERTIONS = NO;
				ENABLE_STRICT_OBJC_MSGSEND = YES;
				GCC_C_LANGUAGE_STANDARD = gnu11;
				GCC_NO_COMMON_BLOCKS = YES;
				GCC_WARN_64_TO_32_BIT_CONVERSION = YES;
				GCC_WARN_ABOUT_RETURN_TYPE = YES_ERROR;
				GCC_WARN_UNDECLARED_SELECTOR = YES;
				GCC_WARN_UNINITIALIZED_AUTOS = YES_AGGRESSIVE;
				GCC_WARN_UNUSED_FUNCTION = YES;
				GCC_WARN_UNUSED_VARIABLE = YES;
				IPHONEOS_DEPLOYMENT_TARGET = 14.0;
				MTL_ENABLE_DEBUG_INFO = NO;
				MTL_FAST_MATH = YES;
				SDKROOT = iphoneos;
				SWIFT_COMPILATION_MODE = wholemodule;
				SWIFT_OPTIMIZATION_LEVEL = "-O";
				VALIDATE_PRODUCT = YES;
			};
			name = Release;
		};
		278ABEE22C46591400B8D4E6 /* Debug */ = {
			isa = XCBuildConfiguration;
			buildSettings = {
				ASSETCATALOG_COMPILER_APPICON_NAME = AppIcon;
				ASSETCATALOG_COMPILER_GLOBAL_ACCENT_COLOR_NAME = AccentColor;
				CODE_SIGN_STYLE = Automatic;
				INFOPLIST_FILE = Testing/Info.plist;
				LD_RUNPATH_SEARCH_PATHS = (
					"$(inherited)",
					"@executable_path/Frameworks",
				);
				PRODUCT_BUNDLE_IDENTIFIER = com.anan.Testing;
				PRODUCT_NAME = "$(TARGET_NAME)";
				SWIFT_VERSION = 5.0;
				TARGETED_DEVICE_FAMILY = "1,2";
			};
			name = Debug;
		};
		278ABEE32C46591400B8D4E6 /* Release */ = {
			isa = XCBuildConfiguration;
			buildSettings = {
				ASSETCATALOG_COMPILER_APPICON_NAME = AppIcon;
				ASSETCATALOG_COMPILER_GLOBAL_ACCENT_COLOR_NAME = AccentColor;
				CODE_SIGN_STYLE = Automatic;
				INFOPLIST_FILE = Testing/Info.plist;
				LD_RUNPATH_SEARCH_PATHS = (
					"$(inherited)",
					"@executable_path/Frameworks",
				);
				PRODUCT_BUNDLE_IDENTIFIER = com.anan.Testing;
				PRODUCT_NAME = "$(TARGET_NAME)";
				SWIFT_VERSION = 5.0;
				TARGETED_DEVICE_FAMILY = "1,2";
			};
			name = Release;
		};
		278ABEE52C46591400B8D4E6 /* Debug */ = {
			isa = XCBuildConfiguration;
			buildSettings = {
				ALWAYS_EMBED_SWIFT_STANDARD_LIBRARIES = YES;
				BUNDLE_LOADER = "$(TEST_HOST)";
				CODE_SIGN_STYLE = Automatic;
				INFOPLIST_FILE = TestingTests/Info.plist;
				IPHONEOS_DEPLOYMENT_TARGET = 14.0;
				LD_RUNPATH_SEARCH_PATHS = (
					"$(inherited)",
					"@executable_path/Frameworks",
					"@loader_path/Frameworks",
				);
				PRODUCT_BUNDLE_IDENTIFIER = com.anan.TestingTests;
				PRODUCT_NAME = "$(TARGET_NAME)";
				SWIFT_VERSION = 5.0;
				TARGETED_DEVICE_FAMILY = "1,2";
				TEST_HOST = "$(BUILT_PRODUCTS_DIR)/Testing.app/Testing";
			};
			name = Debug;
		};
		278ABEE62C46591400B8D4E6 /* Release */ = {
			isa = XCBuildConfiguration;
			buildSettings = {
				ALWAYS_EMBED_SWIFT_STANDARD_LIBRARIES = YES;
				BUNDLE_LOADER = "$(TEST_HOST)";
				CODE_SIGN_STYLE = Automatic;
				INFOPLIST_FILE = TestingTests/Info.plist;
				IPHONEOS_DEPLOYMENT_TARGET = 14.0;
				LD_RUNPATH_SEARCH_PATHS = (
					"$(inherited)",
					"@executable_path/Frameworks",
					"@loader_path/Frameworks",
				);
				PRODUCT_BUNDLE_IDENTIFIER = com.anan.TestingTests;
				PRODUCT_NAME = "$(TARGET_NAME)";
				SWIFT_VERSION = 5.0;
				TARGETED_DEVICE_FAMILY = "1,2";
				TEST_HOST = "$(BUILT_PRODUCTS_DIR)/Testing.app/Testing";
			};
			name = Release;
		};
		278ABEE82C46591400B8D4E6 /* Debug */ = {
			isa = XCBuildConfiguration;
			buildSettings = {
				ALWAYS_EMBED_SWIFT_STANDARD_LIBRARIES = YES;
				CODE_SIGN_STYLE = Automatic;
				INFOPLIST_FILE = TestingUITests/Info.plist;
				LD_RUNPATH_SEARCH_PATHS = (
					"$(inherited)",
					"@executable_path/Frameworks",
					"@loader_path/Frameworks",
				);
				PRODUCT_BUNDLE_IDENTIFIER = com.anan.TestingUITests;
				PRODUCT_NAME = "$(TARGET_NAME)";
				SWIFT_VERSION = 5.0;
				TARGETED_DEVICE_FAMILY = "1,2";
				TEST_TARGET_NAME = Testing;
			};
			name = Debug;
		};
		278ABEE92C46591400B8D4E6 /* Release */ = {
			isa = XCBuildConfiguration;
			buildSettings = {
				ALWAYS_EMBED_SWIFT_STANDARD_LIBRARIES = YES;
				CODE_SIGN_STYLE = Automatic;
				INFOPLIST_FILE = TestingUITests/Info.plist;
				LD_RUNPATH_SEARCH_PATHS = (
					"$(inherited)",
					"@executable_path/Frameworks",
					"@loader_path/Frameworks",
				);
				PRODUCT_BUNDLE_IDENTIFIER = com.anan.TestingUITests;
				PRODUCT_NAME = "$(TARGET_NAME)";
				SWIFT_VERSION = 5.0;
				TARGETED_DEVICE_FAMILY = "1,2";
				TEST_TARGET_NAME = Testing;
			};
			name = Release;
		};
/* End XCBuildConfiguration section */

/* Begin XCConfigurationList section */
		278ABEB22C46591100B8D4E6 /* Build configuration list for PBXProject "Testing" */ = {
			isa = XCConfigurationList;
			buildConfigurations = (
				278ABEDF2C46591400B8D4E6 /* Debug */,
				278ABEE02C46591400B8D4E6 /* Release */,
			);
			defaultConfigurationIsVisible = 0;
			defaultConfigurationName = Release;
		};
		278ABEE12C46591400B8D4E6 /* Build configuration list for PBXNativeTarget "Testing" */ = {
			isa = XCConfigurationList;
			buildConfigurations = (
				278ABEE22C46591400B8D4E6 /* Debug */,
				278ABEE32C46591400B8D4E6 /* Release */,
			);
			defaultConfigurationIsVisible = 0;
			defaultConfigurationName = Release;
		};
		278ABEE42C46591400B8D4E6 /* Build configuration list for PBXNativeTarget "TestingTests" */ = {
			isa = XCConfigurationList;
			buildConfigurations = (
				278ABEE52C46591400B8D4E6 /* Debug */,
				278ABEE62C46591400B8D4E6 /* Release */,
			);
			defaultConfigurationIsVisible = 0;
			defaultConfigurationName = Release;
		};
		278ABEE72C46591400B8D4E6 /* Build configuration list for PBXNativeTarget "TestingUITests" */ = {
			isa = XCConfigurationList;
			buildConfigurations = (
				278ABEE82C46591400B8D4E6 /* Debug */,
				278ABEE92C46591400B8D4E6 /* Release */,
			);
			defaultConfigurationIsVisible = 0;
			defaultConfigurationName = Release;
		};
/* End XCConfigurationList section */
	};
	rootObject = 278ABEAF2C46591100B8D4E6 /* Project object */;
}
